
Microsoft Visual Studio Solution File, Format Version 11.00
# Visual Studio 2010
Project("{FAE04EC0-301F-11D3-BF4B-00C04F79EFBC}") = "MOLab4", "MOLab4\MOLab4.csproj", "{244A474A-069C-4278-92F9-8132673ED377}"
EndProject
Project("{2150E333-8FDC-42A3-9474-1A3956D46DE8}") = "Solution Items", "Solution Items", "{507F1DA0-673C-4F0C-BC95-0979ABB5A429}"
EndProject
Global
	GlobalSection(SolutionConfigurationPlatforms) = preSolution
		Debug|x86 = Debug|x86
		Release|x86 = Release|x86
	EndGlobalSection
	GlobalSection(ProjectConfigurationPlatforms) = postSolution
		{244A474A-069C-4278-92F9-8132673ED377}.Debug|x86.ActiveCfg = Debug|x86
		{244A474A-069C-4278-92F9-8132673ED377}.Debug|x86.Build.0 = Debug|x86
		{244A474A-069C-4278-92F9-8132673ED377}.Release|x86.ActiveCfg = Release|x86
		{244A474A-069C-4278-92F9-8132673ED377}.Release|x86.Build.0 = Release|x86
	EndGlobalSection
	GlobalSection(SolutionProperties) = preSolution
		HideSolutionNode = FALSE
	EndGlobalSection
EndGlobal
