
Microsoft Visual Studio Solution File, Format Version 11.00
# Visual Studio 2010
Project("{8BC9CEB8-8B4A-11D0-8D11-00A0C91BC942}") = "MOLab3", "MOLab3\MOLab3.vcxproj", "{91FB613E-5B18-4269-ACD9-0320ACFFAEC0}"
EndProject
Global
	GlobalSection(SolutionConfigurationPlatforms) = preSolution
		Debug|Win32 = Debug|Win32
		Release|Win32 = Release|Win32
	EndGlobalSection
	GlobalSection(ProjectConfigurationPlatforms) = postSolution
		{91FB613E-5B18-4269-ACD9-0320ACFFAEC0}.Debug|Win32.ActiveCfg = Debug|Win32
		{91FB613E-5B18-4269-ACD9-0320ACFFAEC0}.Debug|Win32.Build.0 = Debug|Win32
		{91FB613E-5B18-4269-ACD9-0320ACFFAEC0}.Release|Win32.ActiveCfg = Release|Win32
		{91FB613E-5B18-4269-ACD9-0320ACFFAEC0}.Release|Win32.Build.0 = Release|Win32
	EndGlobalSection
	GlobalSection(SolutionProperties) = preSolution
		HideSolutionNode = FALSE
	EndGlobalSection
EndGlobal
